
Microsoft Visual Studio Solution File, Format Version 11.00
# Visual Studio 2010
Project("{FAE04EC0-301F-11D3-BF4B-00C04F79EFBC}") = "ErrorResultMvcApplication", "ErrorResultMvcApplication\ErrorResultMvcApplication.csproj", "{377F2555-0C23-4259-8258-768AD5CE2BBC}"
EndProject
Global
	GlobalSection(SolutionConfigurationPlatforms) = preSolution
		Debug|Any CPU = Debug|Any CPU
		Release|Any CPU = Release|Any CPU
	EndGlobalSection
	GlobalSection(ProjectConfigurationPlatforms) = postSolution
		{377F2555-0C23-4259-8258-768AD5CE2BBC}.Debug|Any CPU.ActiveCfg = Debug|Any CPU
		{377F2555-0C23-4259-8258-768AD5CE2BBC}.Debug|Any CPU.Build.0 = Debug|Any CPU
		{377F2555-0C23-4259-8258-768AD5CE2BBC}.Release|Any CPU.ActiveCfg = Release|Any CPU
		{377F2555-0C23-4259-8258-768AD5CE2BBC}.Release|Any CPU.Build.0 = Release|Any CPU
	EndGlobalSection
	GlobalSection(SolutionProperties) = preSolution
		HideSolutionNode = FALSE
	EndGlobalSection
EndGlobal
